
Microsoft Visual Studio Solution File, Format Version 12.00
# Visual Studio Version 17
VisualStudioVersion = 17.10.35122.118
MinimumVisualStudioVersion = 10.0.40219.1
Project("{FAE04EC0-301F-11D3-BF4B-00C04F79EFBC}") = "lukewireBlog.Browser", "lukewireBlog\lukewireBlog.Browser\lukewireBlog.Browser.csproj", "{102C0A0C-3F97-4B68-B433-7D63685DA72E}"
EndProject
Project("{FAE04EC0-301F-11D3-BF4B-00C04F79EFBC}") = "lukewireBlog", "lukewireBlog\lukewireBlog\lukewireBlog.csproj", "{7F099D7D-88D4-4377-ADED-AC51BE2D5476}"
EndProject
Project("{FAE04EC0-301F-11D3-BF4B-00C04F79EFBC}") = "lukewireBlog.Simulator", "lukewireBlog\lukewireBlog.Simulator\lukewireBlog.Simulator.csproj", "{43D2FE12-35A8-4C6C-BC11-40E043D7C358}"
EndProject
Global
	GlobalSection(SolutionConfigurationPlatforms) = preSolution
		Debug|Any CPU = Debug|Any CPU
		Release|Any CPU = Release|Any CPU
	EndGlobalSection
	GlobalSection(ProjectConfigurationPlatforms) = postSolution
		{102C0A0C-3F97-4B68-B433-7D63685DA72E}.Debug|Any CPU.ActiveCfg = Debug|Any CPU
		{102C0A0C-3F97-4B68-B433-7D63685DA72E}.Debug|Any CPU.Build.0 = Debug|Any CPU
		{102C0A0C-3F97-4B68-B433-7D63685DA72E}.Release|Any CPU.ActiveCfg = Release|Any CPU
		{102C0A0C-3F97-4B68-B433-7D63685DA72E}.Release|Any CPU.Build.0 = Release|Any CPU
		{7F099D7D-88D4-4377-ADED-AC51BE2D5476}.Debug|Any CPU.ActiveCfg = Debug|Any CPU
		{7F099D7D-88D4-4377-ADED-AC51BE2D5476}.Debug|Any CPU.Build.0 = Debug|Any CPU
		{7F099D7D-88D4-4377-ADED-AC51BE2D5476}.Release|Any CPU.ActiveCfg = Release|Any CPU
		{7F099D7D-88D4-4377-ADED-AC51BE2D5476}.Release|Any CPU.Build.0 = Release|Any CPU
		{43D2FE12-35A8-4C6C-BC11-40E043D7C358}.Debug|Any CPU.ActiveCfg = Debug|Any CPU
		{43D2FE12-35A8-4C6C-BC11-40E043D7C358}.Debug|Any CPU.Build.0 = Debug|Any CPU
		{43D2FE12-35A8-4C6C-BC11-40E043D7C358}.Release|Any CPU.ActiveCfg = Release|Any CPU
		{43D2FE12-35A8-4C6C-BC11-40E043D7C358}.Release|Any CPU.Build.0 = Release|Any CPU
	EndGlobalSection
	GlobalSection(SolutionProperties) = preSolution
		HideSolutionNode = FALSE
	EndGlobalSection
	GlobalSection(ExtensibilityGlobals) = postSolution
		SolutionGuid = {BA8E5365-05E2-42C4-8ED6-01CBDEC3F750}
	EndGlobalSection
EndGlobal
